
Microsoft Visual Studio Solution File, Format Version 12.00
# Visual Studio 15
VisualStudioVersion = 15.0.27130.2036
MinimumVisualStudioVersion = 10.0.40219.1
Project("{FAE04EC0-301F-11D3-BF4B-00C04F79EFBC}") = "ROTM", "ROTM\ROTM.csproj", "{4CD1DB06-B1E1-4F06-82E4-2D52ED2BD8E6}"
EndProject
Global
	GlobalSection(SolutionConfigurationPlatforms) = preSolution
		Debug|Any CPU = Debug|Any CPU
		Release|Any CPU = Release|Any CPU
	EndGlobalSection
	GlobalSection(ProjectConfigurationPlatforms) = postSolution
		{4CD1DB06-B1E1-4F06-82E4-2D52ED2BD8E6}.Debug|Any CPU.ActiveCfg = Debug|Any CPU
		{4CD1DB06-B1E1-4F06-82E4-2D52ED2BD8E6}.Debug|Any CPU.Build.0 = Debug|Any CPU
		{4CD1DB06-B1E1-4F06-82E4-2D52ED2BD8E6}.Release|Any CPU.ActiveCfg = Release|Any CPU
		{4CD1DB06-B1E1-4F06-82E4-2D52ED2BD8E6}.Release|Any CPU.Build.0 = Release|Any CPU
	EndGlobalSection
	GlobalSection(SolutionProperties) = preSolution
		HideSolutionNode = FALSE
	EndGlobalSection
	GlobalSection(ExtensibilityGlobals) = postSolution
		SolutionGuid = {6EA1AE87-C475-42AE-89CF-C3A4B1D336FD}
	EndGlobalSection
EndGlobal
